<?xml version="1.0" encoding="utf-8"?>
<Project ToolsVersion="4.0" xmlns="http://schemas.microsoft.com/developer/msbuild/2003">
  <ItemGroup>
    <ClCompile Include="AssemblyInfo.cpp" />
    <ClCompile Include="CppCLR_WinformsProjekt.cpp" />
    <ClCompile Include="Form1.cpp" />
    <ClCompile Include="SolverBackend\AlgorithmEmbeddedC\coordcube.c">
      <Filter>Solver</Filter>
    </ClCompile>
    <ClCompile Include="SolverBackend\Cube.cpp">
      <Filter>CubeModel</Filter>
    </ClCompile>
    <ClCompile Include="SolverBackend\CubeFace.cpp">
      <Filter>CubeModel</Filter>
    </ClCompile>
    <ClCompile Include="SolverBackend\AlgorithmEmbeddedC\cubiecube.c">
      <Filter>Solver</Filter>
    </ClCompile>
    <ClCompile Include="SolverBackend\AlgorithmEmbeddedC\facecube.c">
      <Filter>Solver</Filter>
    </ClCompile>
    <ClCompile Include="SolverBackend\AlgorithmEmbeddedC\prunetable_helpers.c">
      <Filter>Solver</Filter>
    </ClCompile>
    <ClCompile Include="SolverBackend\AlgorithmEmbeddedC\search.c">
      <Filter>Solver</Filter>
    </ClCompile>
    <ClCompile Include="Serial\Qbot_Serial.cpp">
      <Filter>Interface</Filter>
    </ClCompile>
    <ClCompile Include="Serial\SerialClass.cpp">
      <Filter>Interface</Filter>
    </ClCompile>
  </ItemGroup>
  <ItemGroup>
    <ClInclude Include="Form1.h" />
    <ClInclude Include="SolverBackend\AlgorithmEmbeddedC\color.h">
      <Filter>Solver</Filter>
    </ClInclude>
    <ClInclude Include="SolverBackend\AlgorithmEmbeddedC\coordcube.h">
      <Filter>Solver</Filter>
    </ClInclude>
    <ClInclude Include="SolverBackend\AlgorithmEmbeddedC\corner.h">
      <Filter>Solver</Filter>
    </ClInclude>
    <ClInclude Include="SolverBackend\Cube.h">
      <Filter>CubeModel</Filter>
    </ClInclude>
    <ClInclude Include="SolverBackend\CubeFace.h">
      <Filter>CubeModel</Filter>
    </ClInclude>
    <ClInclude Include="SolverBackend\AlgorithmEmbeddedC\cubiecube.h">
      <Filter>Solver</Filter>
    </ClInclude>
    <ClInclude Include="SolverBackend\AlgorithmEmbeddedC\edge.h">
      <Filter>Solver</Filter>
    </ClInclude>
    <ClInclude Include="SolverBackend\AlgorithmEmbeddedC\facecube.h">
      <Filter>Solver</Filter>
    </ClInclude>
    <ClInclude Include="SolverBackend\AlgorithmEmbeddedC\facelet.h">
      <Filter>Solver</Filter>
    </ClInclude>
    <ClInclude Include="SolverBackend\AlgorithmEmbeddedC\prunetable_helpers.h">
      <Filter>Solver</Filter>
    </ClInclude>
    <ClInclude Include="SolverBackend\AlgorithmEmbeddedC\search.h">
      <Filter>Solver</Filter>
    </ClInclude>
    <ClInclude Include="Serial\Qbot_Serial.h">
      <Filter>Interface</Filter>
    </ClInclude>
    <ClInclude Include="Serial\SerialClass.h">
      <Filter>Interface</Filter>
    </ClInclude>
    <ClInclude Include="resource.h" />
  </ItemGroup>
  <ItemGroup>
    <ResourceCompile Include="app.rc" />
  </ItemGroup>
  <ItemGroup>
    <Image Include="app.ico" />
  </ItemGroup>
  <ItemGroup>
    <EmbeddedResource Include="Form1.resx" />
  </ItemGroup>
  <ItemGroup>
    <Filter Include="CubeModel">
      <UniqueIdentifier>{efcf4ab2-8ed7-42f1-9cd3-fc278b3f6682}</UniqueIdentifier>
    </Filter>
    <Filter Include="Solver">
      <UniqueIdentifier>{d1b1881f-87d5-437e-986f-f8fca3919e2a}</UniqueIdentifier>
    </Filter>
    <Filter Include="Interface">
      <UniqueIdentifier>{65371672-d7ac-4ded-a1d8-fccd696fd71a}</UniqueIdentifier>
    </Filter>
  </ItemGroup>
  <ItemGroup>
    <None Include="Debug\Qbot_SW.exe" />
  </ItemGroup>
</Project>